# THIS IS AN AUTOGENERATED FILE. DO NOT EDIT THIS FILE DIRECTLY.
# yarn lockfile v1


"@tanstack/match-sorter-utils@^8.7.0":
  version "8.7.6"
  resolved "https://registry.yarnpkg.com/@tanstack/match-sorter-utils/-/match-sorter-utils-8.7.6.tgz#ccf54a37447770e0cf0fe49a579c595fd2655b16"
  integrity sha512-2AMpRiA6QivHOUiBpQAVxjiHAA68Ei23ZUMNaRJrN6omWiSFLoYrxGcT6BXtuzp0Jw4h6HZCmGGIM/gbwebO2A==
  dependencies:
    remove-accents "0.4.2"

"@tanstack/query-core@4.24.4":
  version "4.24.4"
  resolved "https://registry.yarnpkg.com/@tanstack/query-core/-/query-core-4.24.4.tgz#6fe78777286fdd805ac319c7c743df4935e18ee2"
  integrity sha512-9dqjv9eeB6VHN7lD3cLo16ZAjfjCsdXetSAD5+VyKqLUvcKTL0CklGQRJu+bWzdrS69R6Ea4UZo8obHYZnG6aA==

"@tanstack/react-query-devtools@^4.24.4":
  version "4.24.4"
  resolved "https://registry.yarnpkg.com/@tanstack/react-query-devtools/-/react-query-devtools-4.24.4.tgz#5f0bd45f929950ff2b56a1a3ed18a006780e3495"
  integrity sha512-4mldcR99QDX8k94I+STM9gPsYF+FDAD2EQJvHtxR2HrDNegbfmY474xuW0QUZaNW/vJi09Gak6b6Vy2INWhL6w==
  dependencies:
    "@tanstack/match-sorter-utils" "^8.7.0"
    superjson "^1.10.0"
    use-sync-external-store "^1.2.0"

"@tanstack/react-query@^4.24.4":
  version "4.24.4"
  resolved "https://registry.yarnpkg.com/@tanstack/react-query/-/react-query-4.24.4.tgz#79e892edac33d8aa394795390c0f79e4a8c9be4d"
  integrity sha512-RpaS/3T/a3pHuZJbIAzAYRu+1nkp+/enr9hfRXDS/mojwx567UiMksoqW4wUFWlwIvWTXyhot2nbIipTKEg55Q==
  dependencies:
    "@tanstack/query-core" "4.24.4"
    use-sync-external-store "^1.2.0"

copy-anything@^3.0.2:
  version "3.0.3"
  resolved "https://registry.yarnpkg.com/copy-anything/-/copy-anything-3.0.3.tgz#206767156f08da0e02efd392f71abcdf79643559"
  integrity sha512-fpW2W/BqEzqPp29QS+MwwfisHCQZtiduTe/m8idFo0xbti9fIZ2WVhAsCv4ggFVH3AgCkVdpoOCtQC6gBrdhjw==
  dependencies:
    is-what "^4.1.8"

is-what@^4.1.8:
  version "4.1.8"
  resolved "https://registry.yarnpkg.com/is-what/-/is-what-4.1.8.tgz#0e2a8807fda30980ddb2571c79db3d209b14cbe4"
  integrity sha512-yq8gMao5upkPoGEU9LsB2P+K3Kt8Q3fQFCGyNCWOAnJAMzEXVV9drYb0TXr42TTliLLhKIBvulgAXgtLLnwzGA==

remove-accents@0.4.2:
  version "0.4.2"
  resolved "https://registry.yarnpkg.com/remove-accents/-/remove-accents-0.4.2.tgz#0a43d3aaae1e80db919e07ae254b285d9e1c7bb5"
  integrity sha512-7pXIJqJOq5tFgG1A2Zxti3Ht8jJF337m4sowbuHsW30ZnkQFnDzy9qBNhgzX8ZLW4+UBcXiiR7SwR6pokHsxiA==

superjson@^1.10.0:
  version "1.12.2"
  resolved "https://registry.yarnpkg.com/superjson/-/superjson-1.12.2.tgz#072471f1e6add2d95a38b77fef8c7a199d82103a"
  integrity sha512-ugvUo9/WmvWOjstornQhsN/sR9mnGtWGYeTxFuqLb4AiT4QdUavjGFRALCPKWWnAiUJ4HTpytj5e0t5HoMRkXg==
  dependencies:
    copy-anything "^3.0.2"

use-sync-external-store@^1.2.0:
  version "1.2.0"
  resolved "https://registry.yarnpkg.com/use-sync-external-store/-/use-sync-external-store-1.2.0.tgz#7dbefd6ef3fe4e767a0cf5d7287aacfb5846928a"
  integrity sha512-eEgnFxGQ1Ife9bzYs6VLi8/4X6CObHMw9Qr9tPY43iKwsPw8xE8+EFsf/2cFZ5S3esXgpWgtSCtLNS41F+sKPA==
